
Microsoft Visual Studio Solution File, Format Version 12.00
# Visual Studio 15
VisualStudioVersion = 15.0.26730.16
MinimumVisualStudioVersion = 10.0.40219.1
Project("{2150E333-8FDC-42A3-9474-1A3956D46DE8}") = "dockerfiles", "dockerfiles", "{46827B7F-A28C-4ED5-A1B5-43E71D4EB857}"
	ProjectSection(SolutionItems) = preProject
		dockerfiles\keras-cntk-ubuntu-py2-cpu.dockerfile = dockerfiles\keras-cntk-ubuntu-py2-cpu.dockerfile
		dockerfiles\keras-cntk-ubuntu-py2-gpu.dockerfile = dockerfiles\keras-cntk-ubuntu-py2-gpu.dockerfile
		dockerfiles\keras-cntk-ubuntu-py3-cpu.dockerfile = dockerfiles\keras-cntk-ubuntu-py3-cpu.dockerfile
		dockerfiles\keras-cntk-ubuntu-py3-gpu.dockerfile = dockerfiles\keras-cntk-ubuntu-py3-gpu.dockerfile
		dockerfiles\keras-cntk-windows-py2-cpu.dockerfile = dockerfiles\keras-cntk-windows-py2-cpu.dockerfile
		dockerfiles\keras-cntk-windows-py3-cpu.dockerfile = dockerfiles\keras-cntk-windows-py3-cpu.dockerfile
	EndProjectSection
EndProject
Project("{2150E333-8FDC-42A3-9474-1A3956D46DE8}") = "files", "files", "{C7ACA54A-C2F2-479C-A016-77514AEE3D2F}"
	ProjectSection(SolutionItems) = preProject
		.gitlab-ci.yml = .gitlab-ci.yml
	EndProjectSection
EndProject
Global
	GlobalSection(SolutionProperties) = preSolution
		HideSolutionNode = FALSE
	EndGlobalSection
	GlobalSection(ExtensibilityGlobals) = postSolution
		SolutionGuid = {B09A6764-C281-40A4-BC09-23FD587B2308}
	EndGlobalSection
EndGlobal
